
Microsoft Visual Studio Solution File, Format Version 12.00
# Visual Studio Version 16
VisualStudioVersion = 16.0.29424.173
MinimumVisualStudioVersion = 10.0.40219.1
Project("{9A19103F-16F7-4668-BE54-9A1E7A4F7556}") = "ThrottleImplementations", "ThrottleImplementations\ThrottleImplementations.csproj", "{270722A4-174E-40AB-A660-54935B7E1C97}"
EndProject
Project("{FAE04EC0-301F-11D3-BF4B-00C04F79EFBC}") = "AspNetMVC_Net471", "AspNetMVC_Net471\AspNetMVC_Net471.csproj", "{04A4A859-CA6A-43BC-AE0F-87A17DE043A6}"
EndProject
Project("{9A19103F-16F7-4668-BE54-9A1E7A4F7556}") = "AspNetCoreMVC_Core31", "AspNetCoreMVC_Core31\AspNetCoreMVC_Core31.csproj", "{CECFA301-134C-473F-AB41-503638DF34DE}"
EndProject
Project("{9A19103F-16F7-4668-BE54-9A1E7A4F7556}") = "AspNetCoreWebApi_Core31", "AspNetCoreWebApi_Core31\AspNetCoreWebApi_Core31.csproj", "{B65EDC62-D3BD-4E09-9B11-D2F90A9DE262}"
EndProject
Project("{FAE04EC0-301F-11D3-BF4B-00C04F79EFBC}") = "ConsoleNetFramework_Net471", "ConsoleNetFramework_Net471\ConsoleNetFramework_Net471.csproj", "{9063B269-E457-4E15-88AF-F563BB03D595}"
EndProject
Global
	GlobalSection(SolutionConfigurationPlatforms) = preSolution
		Debug|Any CPU = Debug|Any CPU
		Release|Any CPU = Release|Any CPU
	EndGlobalSection
	GlobalSection(ProjectConfigurationPlatforms) = postSolution
		{270722A4-174E-40AB-A660-54935B7E1C97}.Debug|Any CPU.ActiveCfg = Debug|Any CPU
		{270722A4-174E-40AB-A660-54935B7E1C97}.Debug|Any CPU.Build.0 = Debug|Any CPU
		{270722A4-174E-40AB-A660-54935B7E1C97}.Release|Any CPU.ActiveCfg = Release|Any CPU
		{270722A4-174E-40AB-A660-54935B7E1C97}.Release|Any CPU.Build.0 = Release|Any CPU
		{04A4A859-CA6A-43BC-AE0F-87A17DE043A6}.Debug|Any CPU.ActiveCfg = Debug|Any CPU
		{04A4A859-CA6A-43BC-AE0F-87A17DE043A6}.Debug|Any CPU.Build.0 = Debug|Any CPU
		{04A4A859-CA6A-43BC-AE0F-87A17DE043A6}.Release|Any CPU.ActiveCfg = Release|Any CPU
		{04A4A859-CA6A-43BC-AE0F-87A17DE043A6}.Release|Any CPU.Build.0 = Release|Any CPU
		{CECFA301-134C-473F-AB41-503638DF34DE}.Debug|Any CPU.ActiveCfg = Debug|Any CPU
		{CECFA301-134C-473F-AB41-503638DF34DE}.Debug|Any CPU.Build.0 = Debug|Any CPU
		{CECFA301-134C-473F-AB41-503638DF34DE}.Release|Any CPU.ActiveCfg = Release|Any CPU
		{CECFA301-134C-473F-AB41-503638DF34DE}.Release|Any CPU.Build.0 = Release|Any CPU
		{B65EDC62-D3BD-4E09-9B11-D2F90A9DE262}.Debug|Any CPU.ActiveCfg = Debug|Any CPU
		{B65EDC62-D3BD-4E09-9B11-D2F90A9DE262}.Debug|Any CPU.Build.0 = Debug|Any CPU
		{B65EDC62-D3BD-4E09-9B11-D2F90A9DE262}.Release|Any CPU.ActiveCfg = Release|Any CPU
		{B65EDC62-D3BD-4E09-9B11-D2F90A9DE262}.Release|Any CPU.Build.0 = Release|Any CPU
		{9063B269-E457-4E15-88AF-F563BB03D595}.Debug|Any CPU.ActiveCfg = Debug|Any CPU
		{9063B269-E457-4E15-88AF-F563BB03D595}.Debug|Any CPU.Build.0 = Debug|Any CPU
		{9063B269-E457-4E15-88AF-F563BB03D595}.Release|Any CPU.ActiveCfg = Release|Any CPU
		{9063B269-E457-4E15-88AF-F563BB03D595}.Release|Any CPU.Build.0 = Release|Any CPU
	EndGlobalSection
	GlobalSection(SolutionProperties) = preSolution
		HideSolutionNode = FALSE
	EndGlobalSection
	GlobalSection(ExtensibilityGlobals) = postSolution
		SolutionGuid = {58D93502-0427-40D6-B224-FB7BDE18D2BD}
	EndGlobalSection
EndGlobal
